
Microsoft Visual Studio Solution File, Format Version 12.00
# Visual Studio Version 16
VisualStudioVersion = 16.0.31702.278
MinimumVisualStudioVersion = 10.0.40219.1
Project("{FAE04EC0-301F-11D3-BF4B-00C04F79EFBC}") = "ClassProject", "ClassProject.csproj", "{CDEAEC2F-E26A-4207-8742-477362107285}"
EndProject
Global
	GlobalSection(SolutionConfigurationPlatforms) = preSolution
		Debug|Any CPU = Debug|Any CPU
		Release|Any CPU = Release|Any CPU
	EndGlobalSection
	GlobalSection(ProjectConfigurationPlatforms) = postSolution
		{CDEAEC2F-E26A-4207-8742-477362107285}.Debug|Any CPU.ActiveCfg = Debug|Any CPU
		{CDEAEC2F-E26A-4207-8742-477362107285}.Debug|Any CPU.Build.0 = Debug|Any CPU
		{CDEAEC2F-E26A-4207-8742-477362107285}.Release|Any CPU.ActiveCfg = Release|Any CPU
		{CDEAEC2F-E26A-4207-8742-477362107285}.Release|Any CPU.Build.0 = Release|Any CPU
	EndGlobalSection
	GlobalSection(SolutionProperties) = preSolution
		HideSolutionNode = FALSE
	EndGlobalSection
	GlobalSection(ExtensibilityGlobals) = postSolution
		SolutionGuid = {3BB35588-5664-4F03-BEBC-2736C1E76330}
	EndGlobalSection
EndGlobal
